{
  "name": "liming-course-system",
  "version": "0.1.0",
  "lockfileVersion": 3,
  "requires": true,
  "packages": {
    "": {
      "name": "liming-course-system",
      "version": "0.1.0",
      "dependencies": {
        "pinyin-pro": "3.29.4"
      },
      "engines": {
        "node": ">=24"
      }
    },
    "node_modules/pinyin-pro": {
      "version": "3.29.4",
      "resolved": "https://registry.npmjs.org/pinyin-pro/-/pinyin-pro-3.29.4.tgz",
      "integrity": "sha512-SPXpDT2cHEy+d26V1RXYMlVzXN42hotFAak1fzyWPi4o2dKXb61UqD4pzxDJHwk6gbv8vQ6EfErd+hYX0Qhzug==",
      "license": "MIT"
    }
  }
}
